
Microsoft Visual Studio Solution File, Format Version 12.00
# Visual Studio Version 17
VisualStudioVersion = 17.0.32112.339
MinimumVisualStudioVersion = 10.0.40219.1
Project("{9A19103F-16F7-4668-BE54-9A1E7A4F7556}") = "Handin2_test", "Handin2_test\Handin2_test.csproj", "{C57ED4E2-9E4A-4CCB-A3E1-CFF8BE0938D8}"
EndProject
Project("{FAE04EC0-301F-11D3-BF4B-00C04F79EFBC}") = "MainProgram", "MainProgram\MainProgram.csproj", "{0554698E-E600-4914-BB2C-B09EEF9BCC64}"
EndProject
Project("{FAE04EC0-301F-11D3-BF4B-00C04F79EFBC}") = "LadeSkab_Library", "LadeSkab_Library\LadeSkab_Library.csproj", "{59AA30CF-0A32-4EAA-9053-708BA707E6BC}"
EndProject
Global
	GlobalSection(SolutionConfigurationPlatforms) = preSolution
		Debug|Any CPU = Debug|Any CPU
		Release|Any CPU = Release|Any CPU
	EndGlobalSection
	GlobalSection(ProjectConfigurationPlatforms) = postSolution
		{C57ED4E2-9E4A-4CCB-A3E1-CFF8BE0938D8}.Debug|Any CPU.ActiveCfg = Debug|Any CPU
		{C57ED4E2-9E4A-4CCB-A3E1-CFF8BE0938D8}.Debug|Any CPU.Build.0 = Debug|Any CPU
		{C57ED4E2-9E4A-4CCB-A3E1-CFF8BE0938D8}.Release|Any CPU.ActiveCfg = Release|Any CPU
		{C57ED4E2-9E4A-4CCB-A3E1-CFF8BE0938D8}.Release|Any CPU.Build.0 = Release|Any CPU
		{0554698E-E600-4914-BB2C-B09EEF9BCC64}.Debug|Any CPU.ActiveCfg = Debug|Any CPU
		{0554698E-E600-4914-BB2C-B09EEF9BCC64}.Debug|Any CPU.Build.0 = Debug|Any CPU
		{0554698E-E600-4914-BB2C-B09EEF9BCC64}.Release|Any CPU.ActiveCfg = Release|Any CPU
		{0554698E-E600-4914-BB2C-B09EEF9BCC64}.Release|Any CPU.Build.0 = Release|Any CPU
		{59AA30CF-0A32-4EAA-9053-708BA707E6BC}.Debug|Any CPU.ActiveCfg = Debug|Any CPU
		{59AA30CF-0A32-4EAA-9053-708BA707E6BC}.Debug|Any CPU.Build.0 = Debug|Any CPU
		{59AA30CF-0A32-4EAA-9053-708BA707E6BC}.Release|Any CPU.ActiveCfg = Release|Any CPU
		{59AA30CF-0A32-4EAA-9053-708BA707E6BC}.Release|Any CPU.Build.0 = Release|Any CPU
	EndGlobalSection
	GlobalSection(SolutionProperties) = preSolution
		HideSolutionNode = FALSE
	EndGlobalSection
	GlobalSection(ExtensibilityGlobals) = postSolution
		SolutionGuid = {820E0899-7564-4FA1-B59D-D90060242A07}
	EndGlobalSection
EndGlobal
