
Microsoft Visual Studio Solution File, Format Version 12.00
# Visual Studio Version 17
VisualStudioVersion = 17.0.32112.339
MinimumVisualStudioVersion = 10.0.40219.1
Project("{9A19103F-16F7-4668-BE54-9A1E7A4F7556}") = "Handin2", "Handin2\Handin2.csproj", "{D6135CBE-8570-4032-84FA-0D9A25C50AD7}"
EndProject
Project("{FAE04EC0-301F-11D3-BF4B-00C04F79EFBC}") = "Handin2_test", "Handin2_test\Handin2_test.csproj", "{C57ED4E2-9E4A-4CCB-A3E1-CFF8BE0938D8}"
EndProject
Global
	GlobalSection(SolutionConfigurationPlatforms) = preSolution
		Debug|Any CPU = Debug|Any CPU
		Release|Any CPU = Release|Any CPU
	EndGlobalSection
	GlobalSection(ProjectConfigurationPlatforms) = postSolution
		{D6135CBE-8570-4032-84FA-0D9A25C50AD7}.Debug|Any CPU.ActiveCfg = Debug|Any CPU
		{D6135CBE-8570-4032-84FA-0D9A25C50AD7}.Debug|Any CPU.Build.0 = Debug|Any CPU
		{D6135CBE-8570-4032-84FA-0D9A25C50AD7}.Release|Any CPU.ActiveCfg = Release|Any CPU
		{D6135CBE-8570-4032-84FA-0D9A25C50AD7}.Release|Any CPU.Build.0 = Release|Any CPU
		{C57ED4E2-9E4A-4CCB-A3E1-CFF8BE0938D8}.Debug|Any CPU.ActiveCfg = Debug|Any CPU
		{C57ED4E2-9E4A-4CCB-A3E1-CFF8BE0938D8}.Debug|Any CPU.Build.0 = Debug|Any CPU
		{C57ED4E2-9E4A-4CCB-A3E1-CFF8BE0938D8}.Release|Any CPU.ActiveCfg = Release|Any CPU
		{C57ED4E2-9E4A-4CCB-A3E1-CFF8BE0938D8}.Release|Any CPU.Build.0 = Release|Any CPU
	EndGlobalSection
	GlobalSection(SolutionProperties) = preSolution
		HideSolutionNode = FALSE
	EndGlobalSection
	GlobalSection(ExtensibilityGlobals) = postSolution
		SolutionGuid = {820E0899-7564-4FA1-B59D-D90060242A07}
	EndGlobalSection
EndGlobal
